// !$*UTF8*$!
{
	archiveVersion = 1;
	classes = {
	};
	objectVersion = 56;
	objects = {

/* Begin PBXBuildFile section */
		5601B1C1290979CA00FFF4E1 /* Cachy in Frameworks */ = {isa = PBXBuildFile; productRef = 5601B1C0290979CA00FFF4E1 /* Cachy */; };
		560EE8CC29056F650086EC18 /* AppDelegate.swift in Sources */ = {isa = PBXBuildFile; fileRef = 560EE8CB29056F650086EC18 /* AppDelegate.swift */; };
		560EE8CE29056F650086EC18 /* SceneDelegate.swift in Sources */ = {isa = PBXBuildFile; fileRef = 560EE8CD29056F650086EC18 /* SceneDelegate.swift */; };
		560EE8D029056F650086EC18 /* ViewController.swift in Sources */ = {isa = PBXBuildFile; fileRef = 560EE8CF29056F650086EC18 /* ViewController.swift */; };
		560EE8D529056F660086EC18 /* Assets.xcassets in Resources */ = {isa = PBXBuildFile; fileRef = 560EE8D429056F660086EC18 /* Assets.xcassets */; };
		560EE8D829056F660086EC18 /* LaunchScreen.storyboard in Resources */ = {isa = PBXBuildFile; fileRef = 560EE8D629056F660086EC18 /* LaunchScreen.storyboard */; };
		560EE8E329056F660086EC18 /* Avito_ChagellengeTests.swift in Sources */ = {isa = PBXBuildFile; fileRef = 560EE8E229056F660086EC18 /* Avito_ChagellengeTests.swift */; };
		560EE8ED29056F660086EC18 /* Avito_ChagellengeUITests.swift in Sources */ = {isa = PBXBuildFile; fileRef = 560EE8EC29056F660086EC18 /* Avito_ChagellengeUITests.swift */; };
		560EE8EF29056F660086EC18 /* Avito_ChagellengeUITestsLaunchTests.swift in Sources */ = {isa = PBXBuildFile; fileRef = 560EE8EE29056F660086EC18 /* Avito_ChagellengeUITestsLaunchTests.swift */; };
		560EE8FD29059E1A0086EC18 /* Avito.swift in Sources */ = {isa = PBXBuildFile; fileRef = 560EE8FC29059E1A0086EC18 /* Avito.swift */; };
		560EE90229059ED50086EC18 /* ApiCaller.swift in Sources */ = {isa = PBXBuildFile; fileRef = 560EE90129059ED50086EC18 /* ApiCaller.swift */; };
		560EE9042905ED490086EC18 /* CompanyCell.swift in Sources */ = {isa = PBXBuildFile; fileRef = 560EE9032905ED490086EC18 /* CompanyCell.swift */; };
		5670DABB2906058B00D23265 /* Company.swift in Sources */ = {isa = PBXBuildFile; fileRef = 5670DABA2906058B00D23265 /* Company.swift */; };
		5670DABD2906059600D23265 /* Employee.swift in Sources */ = {isa = PBXBuildFile; fileRef = 5670DABC2906059500D23265 /* Employee.swift */; };
		5670DABF2907541900D23265 /* AvitoViewModel.swift in Sources */ = {isa = PBXBuildFile; fileRef = 5670DABE2907541900D23265 /* AvitoViewModel.swift */; };
/* End PBXBuildFile section */

/* Begin PBXContainerItemProxy section */
		560EE8DF29056F660086EC18 /* PBXContainerItemProxy */ = {
			isa = PBXContainerItemProxy;
			containerPortal = 560EE8C029056F650086EC18 /* Project object */;
			proxyType = 1;
			remoteGlobalIDString = 560EE8C729056F650086EC18;
			remoteInfo = Avito_Chagellenge;
		};
		560EE8E929056F660086EC18 /* PBXContainerItemProxy */ = {
			isa = PBXContainerItemProxy;
			containerPortal = 560EE8C029056F650086EC18 /* Project object */;
			proxyType = 1;
			remoteGlobalIDString = 560EE8C729056F650086EC18;
			remoteInfo = Avito_Chagellenge;
		};
/* End PBXContainerItemProxy section */

/* Begin PBXFileReference section */
		560EE8C829056F650086EC18 /* Avito_Chagellenge.app */ = {isa = PBXFileReference; explicitFileType = wrapper.application; includeInIndex = 0; path = Avito_Chagellenge.app; sourceTree = BUILT_PRODUCTS_DIR; };
		560EE8CB29056F650086EC18 /* AppDelegate.swift */ = {isa = PBXFileReference; lastKnownFileType = sourcecode.swift; path = AppDelegate.swift; sourceTree = "<group>"; };
		560EE8CD29056F650086EC18 /* SceneDelegate.swift */ = {isa = PBXFileReference; lastKnownFileType = sourcecode.swift; path = SceneDelegate.swift; sourceTree = "<group>"; };
		560EE8CF29056F650086EC18 /* ViewController.swift */ = {isa = PBXFileReference; lastKnownFileType = sourcecode.swift; path = ViewController.swift; sourceTree = "<group>"; };
		560EE8D429056F660086EC18 /* Assets.xcassets */ = {isa = PBXFileReference; lastKnownFileType = folder.assetcatalog; path = Assets.xcassets; sourceTree = "<group>"; };
		560EE8D729056F660086EC18 /* Base */ = {isa = PBXFileReference; lastKnownFileType = file.storyboard; name = Base; path = Base.lproj/LaunchScreen.storyboard; sourceTree = "<group>"; };
		560EE8D929056F660086EC18 /* Info.plist */ = {isa = PBXFileReference; lastKnownFileType = text.plist.xml; path = Info.plist; sourceTree = "<group>"; };
		560EE8DE29056F660086EC18 /* Avito_ChagellengeTests.xctest */ = {isa = PBXFileReference; explicitFileType = wrapper.cfbundle; includeInIndex = 0; path = Avito_ChagellengeTests.xctest; sourceTree = BUILT_PRODUCTS_DIR; };
		560EE8E229056F660086EC18 /* Avito_ChagellengeTests.swift */ = {isa = PBXFileReference; lastKnownFileType = sourcecode.swift; path = Avito_ChagellengeTests.swift; sourceTree = "<group>"; };
		560EE8E829056F660086EC18 /* Avito_ChagellengeUITests.xctest */ = {isa = PBXFileReference; explicitFileType = wrapper.cfbundle; includeInIndex = 0; path = Avito_ChagellengeUITests.xctest; sourceTree = BUILT_PRODUCTS_DIR; };
		560EE8EC29056F660086EC18 /* Avito_ChagellengeUITests.swift */ = {isa = PBXFileReference; lastKnownFileType = sourcecode.swift; path = Avito_ChagellengeUITests.swift; sourceTree = "<group>"; };
		560EE8EE29056F660086EC18 /* Avito_ChagellengeUITestsLaunchTests.swift */ = {isa = PBXFileReference; lastKnownFileType = sourcecode.swift; path = Avito_ChagellengeUITestsLaunchTests.swift; sourceTree = "<group>"; };
		560EE8FC29059E1A0086EC18 /* Avito.swift */ = {isa = PBXFileReference; lastKnownFileType = sourcecode.swift; path = Avito.swift; sourceTree = "<group>"; };
		560EE90129059ED50086EC18 /* ApiCaller.swift */ = {isa = PBXFileReference; lastKnownFileType = sourcecode.swift; path = ApiCaller.swift; sourceTree = "<group>"; };
		560EE9032905ED490086EC18 /* CompanyCell.swift */ = {isa = PBXFileReference; lastKnownFileType = sourcecode.swift; path = CompanyCell.swift; sourceTree = "<group>"; };
		5670DABA2906058B00D23265 /* Company.swift */ = {isa = PBXFileReference; lastKnownFileType = sourcecode.swift; path = Company.swift; sourceTree = "<group>"; };
		5670DABC2906059500D23265 /* Employee.swift */ = {isa = PBXFileReference; lastKnownFileType = sourcecode.swift; path = Employee.swift; sourceTree = "<group>"; };
		5670DABE2907541900D23265 /* AvitoViewModel.swift */ = {isa = PBXFileReference; lastKnownFileType = sourcecode.swift; path = AvitoViewModel.swift; sourceTree = "<group>"; };
/* End PBXFileReference section */

/* Begin PBXFrameworksBuildPhase section */
		560EE8C529056F650086EC18 /* Frameworks */ = {
			isa = PBXFrameworksBuildPhase;
			buildActionMask = 2147483647;
			files = (
				5601B1C1290979CA00FFF4E1 /* Cachy in Frameworks */,
			);
			runOnlyForDeploymentPostprocessing = 0;
		};
		560EE8DB29056F660086EC18 /* Frameworks */ = {
			isa = PBXFrameworksBuildPhase;
			buildActionMask = 2147483647;
			files = (
			);
			runOnlyForDeploymentPostprocessing = 0;
		};
		560EE8E529056F660086EC18 /* Frameworks */ = {
			isa = PBXFrameworksBuildPhase;
			buildActionMask = 2147483647;
			files = (
			);
			runOnlyForDeploymentPostprocessing = 0;
		};
/* End PBXFrameworksBuildPhase section */

/* Begin PBXGroup section */
		560EE8BF29056F650086EC18 = {
			isa = PBXGroup;
			children = (
				560EE8CA29056F650086EC18 /* Avito_Chagellenge */,
				560EE8E129056F660086EC18 /* Avito_ChagellengeTests */,
				560EE8EB29056F660086EC18 /* Avito_ChagellengeUITests */,
				560EE8C929056F650086EC18 /* Products */,
			);
			sourceTree = "<group>";
		};
		560EE8C929056F650086EC18 /* Products */ = {
			isa = PBXGroup;
			children = (
				560EE8C829056F650086EC18 /* Avito_Chagellenge.app */,
				560EE8DE29056F660086EC18 /* Avito_ChagellengeTests.xctest */,
				560EE8E829056F660086EC18 /* Avito_ChagellengeUITests.xctest */,
			);
			name = Products;
			sourceTree = "<group>";
		};
		560EE8CA29056F650086EC18 /* Avito_Chagellenge */ = {
			isa = PBXGroup;
			children = (
				560EE8CD29056F650086EC18 /* SceneDelegate.swift */,
				560EE8CB29056F650086EC18 /* AppDelegate.swift */,
				560EE8FE29059EAE0086EC18 /* Managers */,
				5670DAC32907CDA600D23265 /* ViewModel */,
				560EE8FB29059DFE0086EC18 /* Model */,
				5670DAC22907CD9A00D23265 /* View */,
				5670DAC02907CD7A00D23265 /* Controller */,
				560EE8D429056F660086EC18 /* Assets.xcassets */,
				560EE8D629056F660086EC18 /* LaunchScreen.storyboard */,
				560EE8D929056F660086EC18 /* Info.plist */,
			);
			path = Avito_Chagellenge;
			sourceTree = "<group>";
		};
		560EE8E129056F660086EC18 /* Avito_ChagellengeTests */ = {
			isa = PBXGroup;
			children = (
				560EE8E229056F660086EC18 /* Avito_ChagellengeTests.swift */,
			);
			path = Avito_ChagellengeTests;
			sourceTree = "<group>";
		};
		560EE8EB29056F660086EC18 /* Avito_ChagellengeUITests */ = {
			isa = PBXGroup;
			children = (
				560EE8EC29056F660086EC18 /* Avito_ChagellengeUITests.swift */,
				560EE8EE29056F660086EC18 /* Avito_ChagellengeUITestsLaunchTests.swift */,
			);
			path = Avito_ChagellengeUITests;
			sourceTree = "<group>";
		};
		560EE8FB29059DFE0086EC18 /* Model */ = {
			isa = PBXGroup;
			children = (
				560EE8FC29059E1A0086EC18 /* Avito.swift */,
				5670DABA2906058B00D23265 /* Company.swift */,
				5670DABC2906059500D23265 /* Employee.swift */,
			);
			path = Model;
			sourceTree = "<group>";
		};
		560EE8FE29059EAE0086EC18 /* Managers */ = {
			isa = PBXGroup;
			children = (
				560EE90129059ED50086EC18 /* ApiCaller.swift */,
			);
			path = Managers;
			sourceTree = "<group>";
		};
		5670DAC02907CD7A00D23265 /* Controller */ = {
			isa = PBXGroup;
			children = (
				560EE8CF29056F650086EC18 /* ViewController.swift */,
			);
			path = Controller;
			sourceTree = "<group>";
		};
		5670DAC22907CD9A00D23265 /* View */ = {
			isa = PBXGroup;
			children = (
				560EE9032905ED490086EC18 /* CompanyCell.swift */,
			);
			path = View;
			sourceTree = "<group>";
		};
		5670DAC32907CDA600D23265 /* ViewModel */ = {
			isa = PBXGroup;
			children = (
				5670DABE2907541900D23265 /* AvitoViewModel.swift */,
			);
			path = ViewModel;
			sourceTree = "<group>";
		};
/* End PBXGroup section */

/* Begin PBXNativeTarget section */
		560EE8C729056F650086EC18 /* Avito_Chagellenge */ = {
			isa = PBXNativeTarget;
			buildConfigurationList = 560EE8F229056F660086EC18 /* Build configuration list for PBXNativeTarget "Avito_Chagellenge" */;
			buildPhases = (
				560EE8C429056F650086EC18 /* Sources */,
				560EE8C529056F650086EC18 /* Frameworks */,
				560EE8C629056F650086EC18 /* Resources */,
			);
			buildRules = (
			);
			dependencies = (
			);
			name = Avito_Chagellenge;
			packageProductDependencies = (
				5601B1C0290979CA00FFF4E1 /* Cachy */,
			);
			productName = Avito_Chagellenge;
			productReference = 560EE8C829056F650086EC18 /* Avito_Chagellenge.app */;
			productType = "com.apple.product-type.application";
		};
		560EE8DD29056F660086EC18 /* Avito_ChagellengeTests */ = {
			isa = PBXNativeTarget;
			buildConfigurationList = 560EE8F529056F660086EC18 /* Build configuration list for PBXNativeTarget "Avito_ChagellengeTests" */;
			buildPhases = (
				560EE8DA29056F660086EC18 /* Sources */,
				560EE8DB29056F660086EC18 /* Frameworks */,
				560EE8DC29056F660086EC18 /* Resources */,
			);
			buildRules = (
			);
			dependencies = (
				560EE8E029056F660086EC18 /* PBXTargetDependency */,
			);
			name = Avito_ChagellengeTests;
			productName = Avito_ChagellengeTests;
			productReference = 560EE8DE29056F660086EC18 /* Avito_ChagellengeTests.xctest */;
			productType = "com.apple.product-type.bundle.unit-test";
		};
		560EE8E729056F660086EC18 /* Avito_ChagellengeUITests */ = {
			isa = PBXNativeTarget;
			buildConfigurationList = 560EE8F829056F660086EC18 /* Build configuration list for PBXNativeTarget "Avito_ChagellengeUITests" */;
			buildPhases = (
				560EE8E429056F660086EC18 /* Sources */,
				560EE8E529056F660086EC18 /* Frameworks */,
				560EE8E629056F660086EC18 /* Resources */,
			);
			buildRules = (
			);
			dependencies = (
				560EE8EA29056F660086EC18 /* PBXTargetDependency */,
			);
			name = Avito_ChagellengeUITests;
			productName = Avito_ChagellengeUITests;
			productReference = 560EE8E829056F660086EC18 /* Avito_ChagellengeUITests.xctest */;
			productType = "com.apple.product-type.bundle.ui-testing";
		};
/* End PBXNativeTarget section */

/* Begin PBXProject section */
		560EE8C029056F650086EC18 /* Project object */ = {
			isa = PBXProject;
			attributes = {
				BuildIndependentTargetsInParallel = 1;
				LastSwiftUpdateCheck = 1400;
				LastUpgradeCheck = 1400;
				TargetAttributes = {
					560EE8C729056F650086EC18 = {
						CreatedOnToolsVersion = 14.0.1;
					};
					560EE8DD29056F660086EC18 = {
						CreatedOnToolsVersion = 14.0.1;
						TestTargetID = 560EE8C729056F650086EC18;
					};
					560EE8E729056F660086EC18 = {
						CreatedOnToolsVersion = 14.0.1;
						TestTargetID = 560EE8C729056F650086EC18;
					};
				};
			};
			buildConfigurationList = 560EE8C329056F650086EC18 /* Build configuration list for PBXProject "Avito_Chagellenge" */;
			compatibilityVersion = "Xcode 14.0";
			developmentRegion = en;
			hasScannedForEncodings = 0;
			knownRegions = (
				en,
				Base,
			);
			mainGroup = 560EE8BF29056F650086EC18;
			packageReferences = (
				5601B1BF290979CA00FFF4E1 /* XCRemoteSwiftPackageReference "CachyKit" */,
			);
			productRefGroup = 560EE8C929056F650086EC18 /* Products */;
			projectDirPath = "";
			projectRoot = "";
			targets = (
				560EE8C729056F650086EC18 /* Avito_Chagellenge */,
				560EE8DD29056F660086EC18 /* Avito_ChagellengeTests */,
				560EE8E729056F660086EC18 /* Avito_ChagellengeUITests */,
			);
		};
/* End PBXProject section */

/* Begin PBXResourcesBuildPhase section */
		560EE8C629056F650086EC18 /* Resources */ = {
			isa = PBXResourcesBuildPhase;
			buildActionMask = 2147483647;
			files = (
				560EE8D829056F660086EC18 /* LaunchScreen.storyboard in Resources */,
				560EE8D529056F660086EC18 /* Assets.xcassets in Resources */,
			);
			runOnlyForDeploymentPostprocessing = 0;
		};
		560EE8DC29056F660086EC18 /* Resources */ = {
			isa = PBXResourcesBuildPhase;
			buildActionMask = 2147483647;
			files = (
			);
			runOnlyForDeploymentPostprocessing = 0;
		};
		560EE8E629056F660086EC18 /* Resources */ = {
			isa = PBXResourcesBuildPhase;
			buildActionMask = 2147483647;
			files = (
			);
			runOnlyForDeploymentPostprocessing = 0;
		};
/* End PBXResourcesBuildPhase section */

/* Begin PBXSourcesBuildPhase section */
		560EE8C429056F650086EC18 /* Sources */ = {
			isa = PBXSourcesBuildPhase;
			buildActionMask = 2147483647;
			files = (
				560EE8D029056F650086EC18 /* ViewController.swift in Sources */,
				5670DABD2906059600D23265 /* Employee.swift in Sources */,
				560EE9042905ED490086EC18 /* CompanyCell.swift in Sources */,
				5670DABF2907541900D23265 /* AvitoViewModel.swift in Sources */,
				560EE8FD29059E1A0086EC18 /* Avito.swift in Sources */,
				560EE8CC29056F650086EC18 /* AppDelegate.swift in Sources */,
				5670DABB2906058B00D23265 /* Company.swift in Sources */,
				560EE8CE29056F650086EC18 /* SceneDelegate.swift in Sources */,
				560EE90229059ED50086EC18 /* ApiCaller.swift in Sources */,
			);
			runOnlyForDeploymentPostprocessing = 0;
		};
		560EE8DA29056F660086EC18 /* Sources */ = {
			isa = PBXSourcesBuildPhase;
			buildActionMask = 2147483647;
			files = (
				560EE8E329056F660086EC18 /* Avito_ChagellengeTests.swift in Sources */,
			);
			runOnlyForDeploymentPostprocessing = 0;
		};
		560EE8E429056F660086EC18 /* Sources */ = {
			isa = PBXSourcesBuildPhase;
			buildActionMask = 2147483647;
			files = (
				560EE8EF29056F660086EC18 /* Avito_ChagellengeUITestsLaunchTests.swift in Sources */,
				560EE8ED29056F660086EC18 /* Avito_ChagellengeUITests.swift in Sources */,
			);
			runOnlyForDeploymentPostprocessing = 0;
		};
/* End PBXSourcesBuildPhase section */

/* Begin PBXTargetDependency section */
		560EE8E029056F660086EC18 /* PBXTargetDependency */ = {
			isa = PBXTargetDependency;
			target = 560EE8C729056F650086EC18 /* Avito_Chagellenge */;
			targetProxy = 560EE8DF29056F660086EC18 /* PBXContainerItemProxy */;
		};
		560EE8EA29056F660086EC18 /* PBXTargetDependency */ = {
			isa = PBXTargetDependency;
			target = 560EE8C729056F650086EC18 /* Avito_Chagellenge */;
			targetProxy = 560EE8E929056F660086EC18 /* PBXContainerItemProxy */;
		};
/* End PBXTargetDependency section */

/* Begin PBXVariantGroup section */
		560EE8D629056F660086EC18 /* LaunchScreen.storyboard */ = {
			isa = PBXVariantGroup;
			children = (
				560EE8D729056F660086EC18 /* Base */,
			);
			name = LaunchScreen.storyboard;
			sourceTree = "<group>";
		};
/* End PBXVariantGroup section */

/* Begin XCBuildConfiguration section */
		560EE8F029056F660086EC18 /* Debug */ = {
			isa = XCBuildConfiguration;
			buildSettings = {
				ALWAYS_SEARCH_USER_PATHS = NO;
				CLANG_ANALYZER_NONNULL = YES;
				CLANG_ANALYZER_NUMBER_OBJECT_CONVERSION = YES_AGGRESSIVE;
				CLANG_CXX_LANGUAGE_STANDARD = "gnu++20";
				CLANG_ENABLE_MODULES = YES;
				CLANG_ENABLE_OBJC_ARC = YES;
				CLANG_ENABLE_OBJC_WEAK = YES;
				CLANG_WARN_BLOCK_CAPTURE_AUTORELEASING = YES;
				CLANG_WARN_BOOL_CONVERSION = YES;
				CLANG_WARN_COMMA = YES;
				CLANG_WARN_CONSTANT_CONVERSION = YES;
				CLANG_WARN_DEPRECATED_OBJC_IMPLEMENTATIONS = YES;
				CLANG_WARN_DIRECT_OBJC_ISA_USAGE = YES_ERROR;
				CLANG_WARN_DOCUMENTATION_COMMENTS = YES;
				CLANG_WARN_EMPTY_BODY = YES;
				CLANG_WARN_ENUM_CONVERSION = YES;
				CLANG_WARN_INFINITE_RECURSION = YES;
				CLANG_WARN_INT_CONVERSION = YES;
				CLANG_WARN_NON_LITERAL_NULL_CONVERSION = YES;
				CLANG_WARN_OBJC_IMPLICIT_RETAIN_SELF = YES;
				CLANG_WARN_OBJC_LITERAL_CONVERSION = YES;
				CLANG_WARN_OBJC_ROOT_CLASS = YES_ERROR;
				CLANG_WARN_QUOTED_INCLUDE_IN_FRAMEWORK_HEADER = YES;
				CLANG_WARN_RANGE_LOOP_ANALYSIS = YES;
				CLANG_WARN_STRICT_PROTOTYPES = YES;
				CLANG_WARN_SUSPICIOUS_MOVE = YES;
				CLANG_WARN_UNGUARDED_AVAILABILITY = YES_AGGRESSIVE;
				CLANG_WARN_UNREACHABLE_CODE = YES;
				CLANG_WARN__DUPLICATE_METHOD_MATCH = YES;
				COPY_PHASE_STRIP = NO;
				DEBUG_INFORMATION_FORMAT = dwarf;
				ENABLE_STRICT_OBJC_MSGSEND = YES;
				ENABLE_TESTABILITY = YES;
				GCC_C_LANGUAGE_STANDARD = gnu11;
				GCC_DYNAMIC_NO_PIC = NO;
				GCC_NO_COMMON_BLOCKS = YES;
				GCC_OPTIMIZATION_LEVEL = 0;
				GCC_PREPROCESSOR_DEFINITIONS = (
					"DEBUG=1",
					"$(inherited)",
				);
				GCC_WARN_64_TO_32_BIT_CONVERSION = YES;
				GCC_WARN_ABOUT_RETURN_TYPE = YES_ERROR;
				GCC_WARN_UNDECLARED_SELECTOR = YES;
				GCC_WARN_UNINITIALIZED_AUTOS = YES_AGGRESSIVE;
				GCC_WARN_UNUSED_FUNCTION = YES;
				GCC_WARN_UNUSED_VARIABLE = YES;
				IPHONEOS_DEPLOYMENT_TARGET = 13.0;
				MTL_ENABLE_DEBUG_INFO = INCLUDE_SOURCE;
				MTL_FAST_MATH = YES;
				ONLY_ACTIVE_ARCH = YES;
				SDKROOT = iphoneos;
				SWIFT_ACTIVE_COMPILATION_CONDITIONS = DEBUG;
				SWIFT_OPTIMIZATION_LEVEL = "-Onone";
			};
			name = Debug;
		};
		560EE8F129056F660086EC18 /* Release */ = {
			isa = XCBuildConfiguration;
			buildSettings = {
				ALWAYS_SEARCH_USER_PATHS = NO;
				CLANG_ANALYZER_NONNULL = YES;
				CLANG_ANALYZER_NUMBER_OBJECT_CONVERSION = YES_AGGRESSIVE;
				CLANG_CXX_LANGUAGE_STANDARD = "gnu++20";
				CLANG_ENABLE_MODULES = YES;
				CLANG_ENABLE_OBJC_ARC = YES;
				CLANG_ENABLE_OBJC_WEAK = YES;
				CLANG_WARN_BLOCK_CAPTURE_AUTORELEASING = YES;
				CLANG_WARN_BOOL_CONVERSION = YES;
				CLANG_WARN_COMMA = YES;
				CLANG_WARN_CONSTANT_CONVERSION = YES;
				CLANG_WARN_DEPRECATED_OBJC_IMPLEMENTATIONS = YES;
				CLANG_WARN_DIRECT_OBJC_ISA_USAGE = YES_ERROR;
				CLANG_WARN_DOCUMENTATION_COMMENTS = YES;
				CLANG_WARN_EMPTY_BODY = YES;
				CLANG_WARN_ENUM_CONVERSION = YES;
				CLANG_WARN_INFINITE_RECURSION = YES;
				CLANG_WARN_INT_CONVERSION = YES;
				CLANG_WARN_NON_LITERAL_NULL_CONVERSION = YES;
				CLANG_WARN_OBJC_IMPLICIT_RETAIN_SELF = YES;
				CLANG_WARN_OBJC_LITERAL_CONVERSION = YES;
				CLANG_WARN_OBJC_ROOT_CLASS = YES_ERROR;
				CLANG_WARN_QUOTED_INCLUDE_IN_FRAMEWORK_HEADER = YES;
				CLANG_WARN_RANGE_LOOP_ANALYSIS = YES;
				CLANG_WARN_STRICT_PROTOTYPES = YES;
				CLANG_WARN_SUSPICIOUS_MOVE = YES;
				CLANG_WARN_UNGUARDED_AVAILABILITY = YES_AGGRESSIVE;
				CLANG_WARN_UNREACHABLE_CODE = YES;
				CLANG_WARN__DUPLICATE_METHOD_MATCH = YES;
				COPY_PHASE_STRIP = NO;
				DEBUG_INFORMATION_FORMAT = "dwarf-with-dsym";
				ENABLE_NS_ASSERTIONS = NO;
				ENABLE_STRICT_OBJC_MSGSEND = YES;
				GCC_C_LANGUAGE_STANDARD = gnu11;
				GCC_NO_COMMON_BLOCKS = YES;
				GCC_WARN_64_TO_32_BIT_CONVERSION = YES;
				GCC_WARN_ABOUT_RETURN_TYPE = YES_ERROR;
				GCC_WARN_UNDECLARED_SELECTOR = YES;
				GCC_WARN_UNINITIALIZED_AUTOS = YES_AGGRESSIVE;
				GCC_WARN_UNUSED_FUNCTION = YES;
				GCC_WARN_UNUSED_VARIABLE = YES;
				IPHONEOS_DEPLOYMENT_TARGET = 13.0;
				MTL_ENABLE_DEBUG_INFO = NO;
				MTL_FAST_MATH = YES;
				SDKROOT = iphoneos;
				SWIFT_COMPILATION_MODE = wholemodule;
				SWIFT_OPTIMIZATION_LEVEL = "-O";
				VALIDATE_PRODUCT = YES;
			};
			name = Release;
		};
		560EE8F329056F660086EC18 /* Debug */ = {
			isa = XCBuildConfiguration;
			buildSettings = {
				ASSETCATALOG_COMPILER_APPICON_NAME = AppIcon;
				ASSETCATALOG_COMPILER_GLOBAL_ACCENT_COLOR_NAME = AccentColor;
				CODE_SIGN_STYLE = Automatic;
				CURRENT_PROJECT_VERSION = 1;
				DEVELOPMENT_TEAM = RNMX67996D;
				GENERATE_INFOPLIST_FILE = YES;
				INFOPLIST_FILE = Avito_Chagellenge/Info.plist;
				INFOPLIST_KEY_UIApplicationSupportsIndirectInputEvents = YES;
				INFOPLIST_KEY_UILaunchStoryboardName = LaunchScreen;
				INFOPLIST_KEY_UISupportedInterfaceOrientations_iPad = "UIInterfaceOrientationPortrait UIInterfaceOrientationPortraitUpsideDown UIInterfaceOrientationLandscapeLeft UIInterfaceOrientationLandscapeRight";
				INFOPLIST_KEY_UISupportedInterfaceOrientations_iPhone = "UIInterfaceOrientationPortrait UIInterfaceOrientationLandscapeLeft UIInterfaceOrientationLandscapeRight";
				IPHONEOS_DEPLOYMENT_TARGET = 13.0;
				LD_RUNPATH_SEARCH_PATHS = (
					"$(inherited)",
					"@executable_path/Frameworks",
				);
				MARKETING_VERSION = 1.0;
				PRODUCT_BUNDLE_IDENTIFIER = "com.asf.Avito-Chagellenge";
				PRODUCT_NAME = "$(TARGET_NAME)";
				SWIFT_EMIT_LOC_STRINGS = YES;
				SWIFT_VERSION = 5.0;
				TARGETED_DEVICE_FAMILY = "1,2";
			};
			name = Debug;
		};
		560EE8F429056F660086EC18 /* Release */ = {
			isa = XCBuildConfiguration;
			buildSettings = {
				ASSETCATALOG_COMPILER_APPICON_NAME = AppIcon;
				ASSETCATALOG_COMPILER_GLOBAL_ACCENT_COLOR_NAME = AccentColor;
				CODE_SIGN_STYLE = Automatic;
				CURRENT_PROJECT_VERSION = 1;
				DEVELOPMENT_TEAM = RNMX67996D;
				GENERATE_INFOPLIST_FILE = YES;
				INFOPLIST_FILE = Avito_Chagellenge/Info.plist;
				INFOPLIST_KEY_UIApplicationSupportsIndirectInputEvents = YES;
				INFOPLIST_KEY_UILaunchStoryboardName = LaunchScreen;
				INFOPLIST_KEY_UISupportedInterfaceOrientations_iPad = "UIInterfaceOrientationPortrait UIInterfaceOrientationPortraitUpsideDown UIInterfaceOrientationLandscapeLeft UIInterfaceOrientationLandscapeRight";
				INFOPLIST_KEY_UISupportedInterfaceOrientations_iPhone = "UIInterfaceOrientationPortrait UIInterfaceOrientationLandscapeLeft UIInterfaceOrientationLandscapeRight";
				IPHONEOS_DEPLOYMENT_TARGET = 13.0;
				LD_RUNPATH_SEARCH_PATHS = (
					"$(inherited)",
					"@executable_path/Frameworks",
				);
				MARKETING_VERSION = 1.0;
				PRODUCT_BUNDLE_IDENTIFIER = "com.asf.Avito-Chagellenge";
				PRODUCT_NAME = "$(TARGET_NAME)";
				SWIFT_EMIT_LOC_STRINGS = YES;
				SWIFT_VERSION = 5.0;
				TARGETED_DEVICE_FAMILY = "1,2";
			};
			name = Release;
		};
		560EE8F629056F660086EC18 /* Debug */ = {
			isa = XCBuildConfiguration;
			buildSettings = {
				ALWAYS_EMBED_SWIFT_STANDARD_LIBRARIES = YES;
				BUNDLE_LOADER = "$(TEST_HOST)";
				CODE_SIGN_STYLE = Automatic;
				CURRENT_PROJECT_VERSION = 1;
				DEVELOPMENT_TEAM = RNMX67996D;
				GENERATE_INFOPLIST_FILE = YES;
				IPHONEOS_DEPLOYMENT_TARGET = 16.0;
				MARKETING_VERSION = 1.0;
				PRODUCT_BUNDLE_IDENTIFIER = "com.asf.Avito-ChagellengeTests";
				PRODUCT_NAME = "$(TARGET_NAME)";
				SWIFT_EMIT_LOC_STRINGS = NO;
				SWIFT_VERSION = 5.0;
				TARGETED_DEVICE_FAMILY = "1,2";
				TEST_HOST = "$(BUILT_PRODUCTS_DIR)/Avito_Chagellenge.app/$(BUNDLE_EXECUTABLE_FOLDER_PATH)/Avito_Chagellenge";
			};
			name = Debug;
		};
		560EE8F729056F660086EC18 /* Release */ = {
			isa = XCBuildConfiguration;
			buildSettings = {
				ALWAYS_EMBED_SWIFT_STANDARD_LIBRARIES = YES;
				BUNDLE_LOADER = "$(TEST_HOST)";
				CODE_SIGN_STYLE = Automatic;
				CURRENT_PROJECT_VERSION = 1;
				DEVELOPMENT_TEAM = RNMX67996D;
				GENERATE_INFOPLIST_FILE = YES;
				IPHONEOS_DEPLOYMENT_TARGET = 16.0;
				MARKETING_VERSION = 1.0;
				PRODUCT_BUNDLE_IDENTIFIER = "com.asf.Avito-ChagellengeTests";
				PRODUCT_NAME = "$(TARGET_NAME)";
				SWIFT_EMIT_LOC_STRINGS = NO;
				SWIFT_VERSION = 5.0;
				TARGETED_DEVICE_FAMILY = "1,2";
				TEST_HOST = "$(BUILT_PRODUCTS_DIR)/Avito_Chagellenge.app/$(BUNDLE_EXECUTABLE_FOLDER_PATH)/Avito_Chagellenge";
			};
			name = Release;
		};
		560EE8F929056F660086EC18 /* Debug */ = {
			isa = XCBuildConfiguration;
			buildSettings = {
				ALWAYS_EMBED_SWIFT_STANDARD_LIBRARIES = YES;
				CODE_SIGN_STYLE = Automatic;
				CURRENT_PROJECT_VERSION = 1;
				DEVELOPMENT_TEAM = RNMX67996D;
				GENERATE_INFOPLIST_FILE = YES;
				MARKETING_VERSION = 1.0;
				PRODUCT_BUNDLE_IDENTIFIER = "com.asf.Avito-ChagellengeUITests";
				PRODUCT_NAME = "$(TARGET_NAME)";
				SWIFT_EMIT_LOC_STRINGS = NO;
				SWIFT_VERSION = 5.0;
				TARGETED_DEVICE_FAMILY = "1,2";
				TEST_TARGET_NAME = Avito_Chagellenge;
			};
			name = Debug;
		};
		560EE8FA29056F660086EC18 /* Release */ = {
			isa = XCBuildConfiguration;
			buildSettings = {
				ALWAYS_EMBED_SWIFT_STANDARD_LIBRARIES = YES;
				CODE_SIGN_STYLE = Automatic;
				CURRENT_PROJECT_VERSION = 1;
				DEVELOPMENT_TEAM = RNMX67996D;
				GENERATE_INFOPLIST_FILE = YES;
				MARKETING_VERSION = 1.0;
				PRODUCT_BUNDLE_IDENTIFIER = "com.asf.Avito-ChagellengeUITests";
				PRODUCT_NAME = "$(TARGET_NAME)";
				SWIFT_EMIT_LOC_STRINGS = NO;
				SWIFT_VERSION = 5.0;
				TARGETED_DEVICE_FAMILY = "1,2";
				TEST_TARGET_NAME = Avito_Chagellenge;
			};
			name = Release;
		};
/* End XCBuildConfiguration section */

/* Begin XCConfigurationList section */
		560EE8C329056F650086EC18 /* Build configuration list for PBXProject "Avito_Chagellenge" */ = {
			isa = XCConfigurationList;
			buildConfigurations = (
				560EE8F029056F660086EC18 /* Debug */,
				560EE8F129056F660086EC18 /* Release */,
			);
			defaultConfigurationIsVisible = 0;
			defaultConfigurationName = Release;
		};
		560EE8F229056F660086EC18 /* Build configuration list for PBXNativeTarget "Avito_Chagellenge" */ = {
			isa = XCConfigurationList;
			buildConfigurations = (
				560EE8F329056F660086EC18 /* Debug */,
				560EE8F429056F660086EC18 /* Release */,
			);
			defaultConfigurationIsVisible = 0;
			defaultConfigurationName = Release;
		};
		560EE8F529056F660086EC18 /* Build configuration list for PBXNativeTarget "Avito_ChagellengeTests" */ = {
			isa = XCConfigurationList;
			buildConfigurations = (
				560EE8F629056F660086EC18 /* Debug */,
				560EE8F729056F660086EC18 /* Release */,
			);
			defaultConfigurationIsVisible = 0;
			defaultConfigurationName = Release;
		};
		560EE8F829056F660086EC18 /* Build configuration list for PBXNativeTarget "Avito_ChagellengeUITests" */ = {
			isa = XCConfigurationList;
			buildConfigurations = (
				560EE8F929056F660086EC18 /* Debug */,
				560EE8FA29056F660086EC18 /* Release */,
			);
			defaultConfigurationIsVisible = 0;
			defaultConfigurationName = Release;
		};
/* End XCConfigurationList section */

/* Begin XCRemoteSwiftPackageReference section */
		5601B1BF290979CA00FFF4E1 /* XCRemoteSwiftPackageReference "CachyKit" */ = {
			isa = XCRemoteSwiftPackageReference;
			repositoryURL = "https://github.com/Sadmansamee/CachyKit";
			requirement = {
				branch = master;
				kind = branch;
			};
		};
/* End XCRemoteSwiftPackageReference section */

/* Begin XCSwiftPackageProductDependency section */
		5601B1C0290979CA00FFF4E1 /* Cachy */ = {
			isa = XCSwiftPackageProductDependency;
			package = 5601B1BF290979CA00FFF4E1 /* XCRemoteSwiftPackageReference "CachyKit" */;
			productName = Cachy;
		};
/* End XCSwiftPackageProductDependency section */
	};
	rootObject = 560EE8C029056F650086EC18 /* Project object */;
}
