{
  "pins" : [
    {
      "identity" : "cachykit",
      "kind" : "remoteSourceControl",
      "location" : "https://github.com/Sadmansamee/CachyKit",
      "state" : {
        "branch" : "master",
        "revision" : "b5f8dbed3f2903591ec1718fdc0b55d261797db4"
      }
    }
  ],
  "version" : 2
}
